// !$*UTF8*$!
{
	archiveVersion = 1;
	classes = {
	};
	objectVersion = 46;
	objects = {

/* Begin PBXBuildFile section */
		04B53E8B1B5B488400CB9816 /* main.m in Sources */ = {isa = PBXBuildFile; fileRef = 04B53E8A1B5B488400CB9816 /* main.m */; };
		04B53E8E1B5B488400CB9816 /* AppDelegate.m in Sources */ = {isa = PBXBuildFile; fileRef = 04B53E8D1B5B488400CB9816 /* AppDelegate.m */; };
		04B53E911B5B488400CB9816 /* ViewController.m in Sources */ = {isa = PBXBuildFile; fileRef = 04B53E901B5B488400CB9816 /* ViewController.m */; };
		04B53E941B5B488400CB9816 /* Main.storyboard in Resources */ = {isa = PBXBuildFile; fileRef = 04B53E921B5B488400CB9816 /* Main.storyboard */; };
		04B53E961B5B488400CB9816 /* Images.xcassets in Resources */ = {isa = PBXBuildFile; fileRef = 04B53E951B5B488400CB9816 /* Images.xcassets */; };
		04B53E991B5B488400CB9816 /* LaunchScreen.xib in Resources */ = {isa = PBXBuildFile; fileRef = 04B53E971B5B488400CB9816 /* LaunchScreen.xib */; };
		04B53EA51B5B488400CB9816 /* QuizTestTests.m in Sources */ = {isa = PBXBuildFile; fileRef = 04B53EA41B5B488400CB9816 /* QuizTestTests.m */; };
/* End PBXBuildFile section */

/* Begin PBXContainerItemProxy section */
		04B53E9F1B5B488400CB9816 /* PBXContainerItemProxy */ = {
			isa = PBXContainerItemProxy;
			containerPortal = 04B53E7D1B5B488400CB9816 /* Project object */;
			proxyType = 1;
			remoteGlobalIDString = 04B53E841B5B488400CB9816;
			remoteInfo = QuizTest;
		};
/* End PBXContainerItemProxy section */

/* Begin PBXFileReference section */
		04B53E851B5B488400CB9816 /* QuizTest.app */ = {isa = PBXFileReference; explicitFileType = wrapper.application; includeInIndex = 0; path = QuizTest.app; sourceTree = BUILT_PRODUCTS_DIR; };
		04B53E891B5B488400CB9816 /* Info.plist */ = {isa = PBXFileReference; lastKnownFileType = text.plist.xml; path = Info.plist; sourceTree = "<group>"; };
		04B53E8A1B5B488400CB9816 /* main.m */ = {isa = PBXFileReference; lastKnownFileType = sourcecode.c.objc; path = main.m; sourceTree = "<group>"; };
		04B53E8C1B5B488400CB9816 /* AppDelegate.h */ = {isa = PBXFileReference; lastKnownFileType = sourcecode.c.h; path = AppDelegate.h; sourceTree = "<group>"; };
		04B53E8D1B5B488400CB9816 /* AppDelegate.m */ = {isa = PBXFileReference; lastKnownFileType = sourcecode.c.objc; path = AppDelegate.m; sourceTree = "<group>"; };
		04B53E8F1B5B488400CB9816 /* ViewController.h */ = {isa = PBXFileReference; lastKnownFileType = sourcecode.c.h; path = ViewController.h; sourceTree = "<group>"; };
		04B53E901B5B488400CB9816 /* ViewController.m */ = {isa = PBXFileReference; lastKnownFileType = sourcecode.c.objc; path = ViewController.m; sourceTree = "<group>"; };
		04B53E931B5B488400CB9816 /* Base */ = {isa = PBXFileReference; lastKnownFileType = file.storyboard; name = Base; path = Base.lproj/Main.storyboard; sourceTree = "<group>"; };
		04B53E951B5B488400CB9816 /* Images.xcassets */ = {isa = PBXFileReference; lastKnownFileType = folder.assetcatalog; path = Images.xcassets; sourceTree = "<group>"; };
		04B53E981B5B488400CB9816 /* Base */ = {isa = PBXFileReference; lastKnownFileType = file.xib; name = Base; path = Base.lproj/LaunchScreen.xib; sourceTree = "<group>"; };
		04B53E9E1B5B488400CB9816 /* QuizTestTests.xctest */ = {isa = PBXFileReference; explicitFileType = wrapper.cfbundle; includeInIndex = 0; path = QuizTestTests.xctest; sourceTree = BUILT_PRODUCTS_DIR; };
		04B53EA31B5B488400CB9816 /* Info.plist */ = {isa = PBXFileReference; lastKnownFileType = text.plist.xml; path = Info.plist; sourceTree = "<group>"; };
		04B53EA41B5B488400CB9816 /* QuizTestTests.m */ = {isa = PBXFileReference; lastKnownFileType = sourcecode.c.objc; path = QuizTestTests.m; sourceTree = "<group>"; };
/* End PBXFileReference section */

/* Begin PBXFrameworksBuildPhase section */
		04B53E821B5B488400CB9816 /* Frameworks */ = {
			isa = PBXFrameworksBuildPhase;
			buildActionMask = 2147483647;
			files = (
			);
			runOnlyForDeploymentPostprocessing = 0;
		};
		04B53E9B1B5B488400CB9816 /* Frameworks */ = {
			isa = PBXFrameworksBuildPhase;
			buildActionMask = 2147483647;
			files = (
			);
			runOnlyForDeploymentPostprocessing = 0;
		};
/* End PBXFrameworksBuildPhase section */

/* Begin PBXGroup section */
		04B53E7C1B5B488400CB9816 = {
			isa = PBXGroup;
			children = (
				04B53E871B5B488400CB9816 /* QuizTest */,
				04B53EA11B5B488400CB9816 /* QuizTestTests */,
				04B53E861B5B488400CB9816 /* Products */,
			);
			sourceTree = "<group>";
		};
		04B53E861B5B488400CB9816 /* Products */ = {
			isa = PBXGroup;
			children = (
				04B53E851B5B488400CB9816 /* QuizTest.app */,
				04B53E9E1B5B488400CB9816 /* QuizTestTests.xctest */,
			);
			name = Products;
			sourceTree = "<group>";
		};
		04B53E871B5B488400CB9816 /* QuizTest */ = {
			isa = PBXGroup;
			children = (
				04B53E8C1B5B488400CB9816 /* AppDelegate.h */,
				04B53E8D1B5B488400CB9816 /* AppDelegate.m */,
				04B53E8F1B5B488400CB9816 /* ViewController.h */,
				04B53E901B5B488400CB9816 /* ViewController.m */,
				04B53E921B5B488400CB9816 /* Main.storyboard */,
				04B53E951B5B488400CB9816 /* Images.xcassets */,
				04B53E971B5B488400CB9816 /* LaunchScreen.xib */,
				04B53E881B5B488400CB9816 /* Supporting Files */,
			);
			path = QuizTest;
			sourceTree = "<group>";
		};
		04B53E881B5B488400CB9816 /* Supporting Files */ = {
			isa = PBXGroup;
			children = (
				04B53E891B5B488400CB9816 /* Info.plist */,
				04B53E8A1B5B488400CB9816 /* main.m */,
			);
			name = "Supporting Files";
			sourceTree = "<group>";
		};
		04B53EA11B5B488400CB9816 /* QuizTestTests */ = {
			isa = PBXGroup;
			children = (
				04B53EA41B5B488400CB9816 /* QuizTestTests.m */,
				04B53EA21B5B488400CB9816 /* Supporting Files */,
			);
			path = QuizTestTests;
			sourceTree = "<group>";
		};
		04B53EA21B5B488400CB9816 /* Supporting Files */ = {
			isa = PBXGroup;
			children = (
				04B53EA31B5B488400CB9816 /* Info.plist */,
			);
			name = "Supporting Files";
			sourceTree = "<group>";
		};
/* End PBXGroup section */

/* Begin PBXNativeTarget section */
		04B53E841B5B488400CB9816 /* QuizTest */ = {
			isa = PBXNativeTarget;
			buildConfigurationList = 04B53EA81B5B488400CB9816 /* Build configuration list for PBXNativeTarget "QuizTest" */;
			buildPhases = (
				04B53E811B5B488400CB9816 /* Sources */,
				04B53E821B5B488400CB9816 /* Frameworks */,
				04B53E831B5B488400CB9816 /* Resources */,
			);
			buildRules = (
			);
			dependencies = (
			);
			name = QuizTest;
			productName = QuizTest;
			productReference = 04B53E851B5B488400CB9816 /* QuizTest.app */;
			productType = "com.apple.product-type.application";
		};
		04B53E9D1B5B488400CB9816 /* QuizTestTests */ = {
			isa = PBXNativeTarget;
			buildConfigurationList = 04B53EAB1B5B488400CB9816 /* Build configuration list for PBXNativeTarget "QuizTestTests" */;
			buildPhases = (
				04B53E9A1B5B488400CB9816 /* Sources */,
				04B53E9B1B5B488400CB9816 /* Frameworks */,
				04B53E9C1B5B488400CB9816 /* Resources */,
			);
			buildRules = (
			);
			dependencies = (
				04B53EA01B5B488400CB9816 /* PBXTargetDependency */,
			);
			name = QuizTestTests;
			productName = QuizTestTests;
			productReference = 04B53E9E1B5B488400CB9816 /* QuizTestTests.xctest */;
			productType = "com.apple.product-type.bundle.unit-test";
		};
/* End PBXNativeTarget section */

/* Begin PBXProject section */
		04B53E7D1B5B488400CB9816 /* Project object */ = {
			isa = PBXProject;
			attributes = {
				LastUpgradeCheck = 0700;
				ORGANIZATIONNAME = SKP;
				TargetAttributes = {
					04B53E841B5B488400CB9816 = {
						CreatedOnToolsVersion = 6.3.1;
					};
					04B53E9D1B5B488400CB9816 = {
						CreatedOnToolsVersion = 6.3.1;
						TestTargetID = 04B53E841B5B488400CB9816;
					};
				};
			};
			buildConfigurationList = 04B53E801B5B488400CB9816 /* Build configuration list for PBXProject "QuizTest" */;
			compatibilityVersion = "Xcode 3.2";
			developmentRegion = English;
			hasScannedForEncodings = 0;
			knownRegions = (
				en,
				Base,
			);
			mainGroup = 04B53E7C1B5B488400CB9816;
			productRefGroup = 04B53E861B5B488400CB9816 /* Products */;
			projectDirPath = "";
			projectRoot = "";
			targets = (
				04B53E841B5B488400CB9816 /* QuizTest */,
				04B53E9D1B5B488400CB9816 /* QuizTestTests */,
			);
		};
/* End PBXProject section */

/* Begin PBXResourcesBuildPhase section */
		04B53E831B5B488400CB9816 /* Resources */ = {
			isa = PBXResourcesBuildPhase;
			buildActionMask = 2147483647;
			files = (
				04B53E941B5B488400CB9816 /* Main.storyboard in Resources */,
				04B53E991B5B488400CB9816 /* LaunchScreen.xib in Resources */,
				04B53E961B5B488400CB9816 /* Images.xcassets in Resources */,
			);
			runOnlyForDeploymentPostprocessing = 0;
		};
		04B53E9C1B5B488400CB9816 /* Resources */ = {
			isa = PBXResourcesBuildPhase;
			buildActionMask = 2147483647;
			files = (
			);
			runOnlyForDeploymentPostprocessing = 0;
		};
/* End PBXResourcesBuildPhase section */

/* Begin PBXSourcesBuildPhase section */
		04B53E811B5B488400CB9816 /* Sources */ = {
			isa = PBXSourcesBuildPhase;
			buildActionMask = 2147483647;
			files = (
				04B53E911B5B488400CB9816 /* ViewController.m in Sources */,
				04B53E8E1B5B488400CB9816 /* AppDelegate.m in Sources */,
				04B53E8B1B5B488400CB9816 /* main.m in Sources */,
			);
			runOnlyForDeploymentPostprocessing = 0;
		};
		04B53E9A1B5B488400CB9816 /* Sources */ = {
			isa = PBXSourcesBuildPhase;
			buildActionMask = 2147483647;
			files = (
				04B53EA51B5B488400CB9816 /* QuizTestTests.m in Sources */,
			);
			runOnlyForDeploymentPostprocessing = 0;
		};
/* End PBXSourcesBuildPhase section */

/* Begin PBXTargetDependency section */
		04B53EA01B5B488400CB9816 /* PBXTargetDependency */ = {
			isa = PBXTargetDependency;
			target = 04B53E841B5B488400CB9816 /* QuizTest */;
			targetProxy = 04B53E9F1B5B488400CB9816 /* PBXContainerItemProxy */;
		};
/* End PBXTargetDependency section */

/* Begin PBXVariantGroup section */
		04B53E921B5B488400CB9816 /* Main.storyboard */ = {
			isa = PBXVariantGroup;
			children = (
				04B53E931B5B488400CB9816 /* Base */,
			);
			name = Main.storyboard;
			sourceTree = "<group>";
		};
		04B53E971B5B488400CB9816 /* LaunchScreen.xib */ = {
			isa = PBXVariantGroup;
			children = (
				04B53E981B5B488400CB9816 /* Base */,
			);
			name = LaunchScreen.xib;
			sourceTree = "<group>";
		};
/* End PBXVariantGroup section */

/* Begin XCBuildConfiguration section */
		04B53EA61B5B488400CB9816 /* Debug */ = {
			isa = XCBuildConfiguration;
			buildSettings = {
				ALWAYS_SEARCH_USER_PATHS = NO;
				CLANG_CXX_LANGUAGE_STANDARD = "gnu++0x";
				CLANG_CXX_LIBRARY = "libc++";
				CLANG_ENABLE_MODULES = YES;
				CLANG_ENABLE_OBJC_ARC = YES;
				CLANG_WARN_BOOL_CONVERSION = YES;
				CLANG_WARN_CONSTANT_CONVERSION = YES;
				CLANG_WARN_DIRECT_OBJC_ISA_USAGE = YES_ERROR;
				CLANG_WARN_EMPTY_BODY = YES;
				CLANG_WARN_ENUM_CONVERSION = YES;
				CLANG_WARN_INT_CONVERSION = YES;
				CLANG_WARN_OBJC_ROOT_CLASS = YES_ERROR;
				CLANG_WARN_UNREACHABLE_CODE = YES;
				CLANG_WARN__DUPLICATE_METHOD_MATCH = YES;
				"CODE_SIGN_IDENTITY[sdk=iphoneos*]" = "iPhone Developer";
				COPY_PHASE_STRIP = NO;
				DEBUG_INFORMATION_FORMAT = "dwarf-with-dsym";
				ENABLE_STRICT_OBJC_MSGSEND = YES;
				ENABLE_TESTABILITY = YES;
				GCC_C_LANGUAGE_STANDARD = gnu99;
				GCC_DYNAMIC_NO_PIC = NO;
				GCC_NO_COMMON_BLOCKS = YES;
				GCC_OPTIMIZATION_LEVEL = 0;
				GCC_PREPROCESSOR_DEFINITIONS = (
					"DEBUG=1",
					"$(inherited)",
				);
				GCC_SYMBOLS_PRIVATE_EXTERN = NO;
				GCC_WARN_64_TO_32_BIT_CONVERSION = YES;
				GCC_WARN_ABOUT_RETURN_TYPE = YES_ERROR;
				GCC_WARN_UNDECLARED_SELECTOR = YES;
				GCC_WARN_UNINITIALIZED_AUTOS = YES_AGGRESSIVE;
				GCC_WARN_UNUSED_FUNCTION = YES;
				GCC_WARN_UNUSED_VARIABLE = YES;
				IPHONEOS_DEPLOYMENT_TARGET = 8.3;
				MTL_ENABLE_DEBUG_INFO = YES;
				ONLY_ACTIVE_ARCH = YES;
				SDKROOT = iphoneos;
			};
			name = Debug;
		};
		04B53EA71B5B488400CB9816 /* Release */ = {
			isa = XCBuildConfiguration;
			buildSettings = {
				ALWAYS_SEARCH_USER_PATHS = NO;
				CLANG_CXX_LANGUAGE_STANDARD = "gnu++0x";
				CLANG_CXX_LIBRARY = "libc++";
				CLANG_ENABLE_MODULES = YES;
				CLANG_ENABLE_OBJC_ARC = YES;
				CLANG_WARN_BOOL_CONVERSION = YES;
				CLANG_WARN_CONSTANT_CONVERSION = YES;
				CLANG_WARN_DIRECT_OBJC_ISA_USAGE = YES_ERROR;
				CLANG_WARN_EMPTY_BODY = YES;
				CLANG_WARN_ENUM_CONVERSION = YES;
				CLANG_WARN_INT_CONVERSION = YES;
				CLANG_WARN_OBJC_ROOT_CLASS = YES_ERROR;
				CLANG_WARN_UNREACHABLE_CODE = YES;
				CLANG_WARN__DUPLICATE_METHOD_MATCH = YES;
				"CODE_SIGN_IDENTITY[sdk=iphoneos*]" = "iPhone Developer";
				COPY_PHASE_STRIP = NO;
				DEBUG_INFORMATION_FORMAT = "dwarf-with-dsym";
				ENABLE_NS_ASSERTIONS = NO;
				ENABLE_STRICT_OBJC_MSGSEND = YES;
				GCC_C_LANGUAGE_STANDARD = gnu99;
				GCC_NO_COMMON_BLOCKS = YES;
				GCC_WARN_64_TO_32_BIT_CONVERSION = YES;
				GCC_WARN_ABOUT_RETURN_TYPE = YES_ERROR;
				GCC_WARN_UNDECLARED_SELECTOR = YES;
				GCC_WARN_UNINITIALIZED_AUTOS = YES_AGGRESSIVE;
				GCC_WARN_UNUSED_FUNCTION = YES;
				GCC_WARN_UNUSED_VARIABLE = YES;
				IPHONEOS_DEPLOYMENT_TARGET = 8.3;
				MTL_ENABLE_DEBUG_INFO = NO;
				SDKROOT = iphoneos;
				VALIDATE_PRODUCT = YES;
			};
			name = Release;
		};
		04B53EA91B5B488400CB9816 /* Debug */ = {
			isa = XCBuildConfiguration;
			buildSettings = {
				ASSETCATALOG_COMPILER_APPICON_NAME = AppIcon;
				INFOPLIST_FILE = QuizTest/Info.plist;
				LD_RUNPATH_SEARCH_PATHS = "$(inherited) @executable_path/Frameworks";
				PRODUCT_BUNDLE_IDENTIFIER = "com.SKP.$(PRODUCT_NAME:rfc1034identifier)";
				PRODUCT_NAME = "$(TARGET_NAME)";
			};
			name = Debug;
		};
		04B53EAA1B5B488400CB9816 /* Release */ = {
			isa = XCBuildConfiguration;
			buildSettings = {
				ASSETCATALOG_COMPILER_APPICON_NAME = AppIcon;
				INFOPLIST_FILE = QuizTest/Info.plist;
				LD_RUNPATH_SEARCH_PATHS = "$(inherited) @executable_path/Frameworks";
				PRODUCT_BUNDLE_IDENTIFIER = "com.SKP.$(PRODUCT_NAME:rfc1034identifier)";
				PRODUCT_NAME = "$(TARGET_NAME)";
			};
			name = Release;
		};
		04B53EAC1B5B488400CB9816 /* Debug */ = {
			isa = XCBuildConfiguration;
			buildSettings = {
				BUNDLE_LOADER = "$(TEST_HOST)";
				FRAMEWORK_SEARCH_PATHS = (
					"$(SDKROOT)/Developer/Library/Frameworks",
					"$(inherited)",
				);
				GCC_PREPROCESSOR_DEFINITIONS = (
					"DEBUG=1",
					"$(inherited)",
				);
				INFOPLIST_FILE = QuizTestTests/Info.plist;
				LD_RUNPATH_SEARCH_PATHS = "$(inherited) @executable_path/Frameworks @loader_path/Frameworks";
				PRODUCT_BUNDLE_IDENTIFIER = "com.SKP.$(PRODUCT_NAME:rfc1034identifier)";
				PRODUCT_NAME = "$(TARGET_NAME)";
				TEST_HOST = "$(BUILT_PRODUCTS_DIR)/QuizTest.app/QuizTest";
			};
			name = Debug;
		};
		04B53EAD1B5B488400CB9816 /* Release */ = {
			isa = XCBuildConfiguration;
			buildSettings = {
				BUNDLE_LOADER = "$(TEST_HOST)";
				FRAMEWORK_SEARCH_PATHS = (
					"$(SDKROOT)/Developer/Library/Frameworks",
					"$(inherited)",
				);
				INFOPLIST_FILE = QuizTestTests/Info.plist;
				LD_RUNPATH_SEARCH_PATHS = "$(inherited) @executable_path/Frameworks @loader_path/Frameworks";
				PRODUCT_BUNDLE_IDENTIFIER = "com.SKP.$(PRODUCT_NAME:rfc1034identifier)";
				PRODUCT_NAME = "$(TARGET_NAME)";
				TEST_HOST = "$(BUILT_PRODUCTS_DIR)/QuizTest.app/QuizTest";
			};
			name = Release;
		};
/* End XCBuildConfiguration section */

/* Begin XCConfigurationList section */
		04B53E801B5B488400CB9816 /* Build configuration list for PBXProject "QuizTest" */ = {
			isa = XCConfigurationList;
			buildConfigurations = (
				04B53EA61B5B488400CB9816 /* Debug */,
				04B53EA71B5B488400CB9816 /* Release */,
			);
			defaultConfigurationIsVisible = 0;
			defaultConfigurationName = Release;
		};
		04B53EA81B5B488400CB9816 /* Build configuration list for PBXNativeTarget "QuizTest" */ = {
			isa = XCConfigurationList;
			buildConfigurations = (
				04B53EA91B5B488400CB9816 /* Debug */,
				04B53EAA1B5B488400CB9816 /* Release */,
			);
			defaultConfigurationIsVisible = 0;
			defaultConfigurationName = Release;
		};
		04B53EAB1B5B488400CB9816 /* Build configuration list for PBXNativeTarget "QuizTestTests" */ = {
			isa = XCConfigurationList;
			buildConfigurations = (
				04B53EAC1B5B488400CB9816 /* Debug */,
				04B53EAD1B5B488400CB9816 /* Release */,
			);
			defaultConfigurationIsVisible = 0;
			defaultConfigurationName = Release;
		};
/* End XCConfigurationList section */
	};
	rootObject = 04B53E7D1B5B488400CB9816 /* Project object */;
}
